
Microsoft Visual Studio Solution File, Format Version 12.00
# Visual Studio Version 16
VisualStudioVersion = 16.0.30517.126
MinimumVisualStudioVersion = 10.0.40219.1
Project("{FAE04EC0-301F-11D3-BF4B-00C04F79EFBC}") = "AccountRegistration", "AccountRegistration\AccountRegistration.csproj", "{A1201850-B96F-447C-AB3C-123133F5AE05}"
EndProject
Global
	GlobalSection(SolutionConfigurationPlatforms) = preSolution
		Debug|Any CPU = Debug|Any CPU
		Release|Any CPU = Release|Any CPU
	EndGlobalSection
	GlobalSection(ProjectConfigurationPlatforms) = postSolution
		{A1201850-B96F-447C-AB3C-123133F5AE05}.Debug|Any CPU.ActiveCfg = Debug|Any CPU
		{A1201850-B96F-447C-AB3C-123133F5AE05}.Debug|Any CPU.Build.0 = Debug|Any CPU
		{A1201850-B96F-447C-AB3C-123133F5AE05}.Release|Any CPU.ActiveCfg = Release|Any CPU
		{A1201850-B96F-447C-AB3C-123133F5AE05}.Release|Any CPU.Build.0 = Release|Any CPU
	EndGlobalSection
	GlobalSection(SolutionProperties) = preSolution
		HideSolutionNode = FALSE
	EndGlobalSection
	GlobalSection(ExtensibilityGlobals) = postSolution
		SolutionGuid = {AC14ED6E-1229-43DB-A20D-70905C39D253}
	EndGlobalSection
EndGlobal
